// !$*UTF8*$!
{
	archiveVersion = 1;
	classes = {
	};
	objectVersion = 56;
	objects = {

/* Begin PBXBuildFile section */
		3A14476C2D157C7C00C50908 /* WeatherAppApp.swift in Sources */ = {isa = PBXBuildFile; fileRef = 3A14476B2D157C7C00C50908 /* WeatherAppApp.swift */; };
		3A1447702D157C7E00C50908 /* Assets.xcassets in Resources */ = {isa = PBXBuildFile; fileRef = 3A14476F2D157C7E00C50908 /* Assets.xcassets */; };
		3A1447732D157C7E00C50908 /* Preview Assets.xcassets in Resources */ = {isa = PBXBuildFile; fileRef = 3A1447722D157C7E00C50908 /* Preview Assets.xcassets */; };
		3A1447832D157F7900C50908 /* Colors.xcassets in Resources */ = {isa = PBXBuildFile; fileRef = 3A1447822D157F7900C50908 /* Colors.xcassets */; };
		3A1447852D157FA000C50908 /* HomeView.swift in Sources */ = {isa = PBXBuildFile; fileRef = 3A1447842D157FA000C50908 /* HomeView.swift */; };
		3A1447872D157FDA00C50908 /* WeatherComponentView.swift in Sources */ = {isa = PBXBuildFile; fileRef = 3A1447862D157FDA00C50908 /* WeatherComponentView.swift */; };
		3A1447892D157FF200C50908 /* weatherIconView.swift in Sources */ = {isa = PBXBuildFile; fileRef = 3A1447882D157FF200C50908 /* weatherIconView.swift */; };
		3A14478B2D15802000C50908 /* HomeViewModel.swift in Sources */ = {isa = PBXBuildFile; fileRef = 3A14478A2D15802000C50908 /* HomeViewModel.swift */; };
		3A14478D2D15806D00C50908 /* HomeServices.swift in Sources */ = {isa = PBXBuildFile; fileRef = 3A14478C2D15806D00C50908 /* HomeServices.swift */; };
		3A14478F2D1580AE00C50908 /* CurrentWeather.swift in Sources */ = {isa = PBXBuildFile; fileRef = 3A14478E2D1580AE00C50908 /* CurrentWeather.swift */; };
		3A1447912D1580C500C50908 /* Location.swift in Sources */ = {isa = PBXBuildFile; fileRef = 3A1447902D1580C500C50908 /* Location.swift */; };
		3A1447932D1580E600C50908 /* Current.swift in Sources */ = {isa = PBXBuildFile; fileRef = 3A1447922D1580E600C50908 /* Current.swift */; };
		3A1447952D15810000C50908 /* Condition.swift in Sources */ = {isa = PBXBuildFile; fileRef = 3A1447942D15810000C50908 /* Condition.swift */; };
		3A1447972D15811C00C50908 /* ErrorMsg.swift in Sources */ = {isa = PBXBuildFile; fileRef = 3A1447962D15811C00C50908 /* ErrorMsg.swift */; };
		3A14479B2D15819800C50908 /* APIRequest.swift in Sources */ = {isa = PBXBuildFile; fileRef = 3A14479A2D15819800C50908 /* APIRequest.swift */; };
		3A14479D2D1581CB00C50908 /* NetworkRouter.swift in Sources */ = {isa = PBXBuildFile; fileRef = 3A14479C2D1581CB00C50908 /* NetworkRouter.swift */; };
		3A14479F2D15821100C50908 /* NetworkManager.swift in Sources */ = {isa = PBXBuildFile; fileRef = 3A14479E2D15821100C50908 /* NetworkManager.swift */; };
		3A1447A32D1582C400C50908 /* Poppins-SemiBold.ttf in Resources */ = {isa = PBXBuildFile; fileRef = 3A1447A02D1582C400C50908 /* Poppins-SemiBold.ttf */; };
		3A1447A42D1582C400C50908 /* Poppins-Medium.ttf in Resources */ = {isa = PBXBuildFile; fileRef = 3A1447A12D1582C400C50908 /* Poppins-Medium.ttf */; };
		3A1447A52D1582C400C50908 /* Poppins-Regular.ttf in Resources */ = {isa = PBXBuildFile; fileRef = 3A1447A22D1582C400C50908 /* Poppins-Regular.ttf */; };
		3A1447A82D15833400C50908 /* Font+Extensions.swift in Sources */ = {isa = PBXBuildFile; fileRef = 3A1447A72D15833400C50908 /* Font+Extensions.swift */; };
		3A1447AB2D15835700C50908 /* GlobalUtilities.swift in Sources */ = {isa = PBXBuildFile; fileRef = 3A1447AA2D15835700C50908 /* GlobalUtilities.swift */; };
		3A1447AD2D1583AA00C50908 /* View+Extensions.swift in Sources */ = {isa = PBXBuildFile; fileRef = 3A1447AC2D1583AA00C50908 /* View+Extensions.swift */; };
		3A1447AF2D1583CE00C50908 /* Text+Extensions.swift in Sources */ = {isa = PBXBuildFile; fileRef = 3A1447AE2D1583CE00C50908 /* Text+Extensions.swift */; };
		3A1447B12D1583EB00C50908 /* Dictionary+Extensions.swift in Sources */ = {isa = PBXBuildFile; fileRef = 3A1447B02D1583EB00C50908 /* Dictionary+Extensions.swift */; };
		3A1447B32D158D0600C50908 /* README.md in Resources */ = {isa = PBXBuildFile; fileRef = 3A1447B22D158D0600C50908 /* README.md */; };
/* End PBXBuildFile section */

/* Begin PBXFileReference section */
		3A1447682D157C7C00C50908 /* WeatherApp.app */ = {isa = PBXFileReference; explicitFileType = wrapper.application; includeInIndex = 0; path = WeatherApp.app; sourceTree = BUILT_PRODUCTS_DIR; };
		3A14476B2D157C7C00C50908 /* WeatherAppApp.swift */ = {isa = PBXFileReference; lastKnownFileType = sourcecode.swift; path = WeatherAppApp.swift; sourceTree = "<group>"; };
		3A14476F2D157C7E00C50908 /* Assets.xcassets */ = {isa = PBXFileReference; lastKnownFileType = folder.assetcatalog; path = Assets.xcassets; sourceTree = "<group>"; };
		3A1447722D157C7E00C50908 /* Preview Assets.xcassets */ = {isa = PBXFileReference; lastKnownFileType = folder.assetcatalog; path = "Preview Assets.xcassets"; sourceTree = "<group>"; };
		3A1447822D157F7900C50908 /* Colors.xcassets */ = {isa = PBXFileReference; lastKnownFileType = folder.assetcatalog; path = Colors.xcassets; sourceTree = "<group>"; };
		3A1447842D157FA000C50908 /* HomeView.swift */ = {isa = PBXFileReference; lastKnownFileType = sourcecode.swift; path = HomeView.swift; sourceTree = "<group>"; };
		3A1447862D157FDA00C50908 /* WeatherComponentView.swift */ = {isa = PBXFileReference; lastKnownFileType = sourcecode.swift; path = WeatherComponentView.swift; sourceTree = "<group>"; };
		3A1447882D157FF200C50908 /* weatherIconView.swift */ = {isa = PBXFileReference; lastKnownFileType = sourcecode.swift; path = weatherIconView.swift; sourceTree = "<group>"; };
		3A14478A2D15802000C50908 /* HomeViewModel.swift */ = {isa = PBXFileReference; lastKnownFileType = sourcecode.swift; path = HomeViewModel.swift; sourceTree = "<group>"; };
		3A14478C2D15806D00C50908 /* HomeServices.swift */ = {isa = PBXFileReference; lastKnownFileType = sourcecode.swift; path = HomeServices.swift; sourceTree = "<group>"; };
		3A14478E2D1580AE00C50908 /* CurrentWeather.swift */ = {isa = PBXFileReference; lastKnownFileType = sourcecode.swift; path = CurrentWeather.swift; sourceTree = "<group>"; };
		3A1447902D1580C500C50908 /* Location.swift */ = {isa = PBXFileReference; lastKnownFileType = sourcecode.swift; path = Location.swift; sourceTree = "<group>"; };
		3A1447922D1580E600C50908 /* Current.swift */ = {isa = PBXFileReference; lastKnownFileType = sourcecode.swift; path = Current.swift; sourceTree = "<group>"; };
		3A1447942D15810000C50908 /* Condition.swift */ = {isa = PBXFileReference; lastKnownFileType = sourcecode.swift; path = Condition.swift; sourceTree = "<group>"; };
		3A1447962D15811C00C50908 /* ErrorMsg.swift */ = {isa = PBXFileReference; lastKnownFileType = sourcecode.swift; path = ErrorMsg.swift; sourceTree = "<group>"; };
		3A14479A2D15819800C50908 /* APIRequest.swift */ = {isa = PBXFileReference; lastKnownFileType = sourcecode.swift; path = APIRequest.swift; sourceTree = "<group>"; };
		3A14479C2D1581CB00C50908 /* NetworkRouter.swift */ = {isa = PBXFileReference; lastKnownFileType = sourcecode.swift; path = NetworkRouter.swift; sourceTree = "<group>"; };
		3A14479E2D15821100C50908 /* NetworkManager.swift */ = {isa = PBXFileReference; lastKnownFileType = sourcecode.swift; path = NetworkManager.swift; sourceTree = "<group>"; };
		3A1447A02D1582C400C50908 /* Poppins-SemiBold.ttf */ = {isa = PBXFileReference; lastKnownFileType = file; path = "Poppins-SemiBold.ttf"; sourceTree = "<group>"; };
		3A1447A12D1582C400C50908 /* Poppins-Medium.ttf */ = {isa = PBXFileReference; lastKnownFileType = file; path = "Poppins-Medium.ttf"; sourceTree = "<group>"; };
		3A1447A22D1582C400C50908 /* Poppins-Regular.ttf */ = {isa = PBXFileReference; lastKnownFileType = file; path = "Poppins-Regular.ttf"; sourceTree = "<group>"; };
		3A1447A62D1582ED00C50908 /* Info.plist */ = {isa = PBXFileReference; lastKnownFileType = text.plist; path = Info.plist; sourceTree = "<group>"; };
		3A1447A72D15833400C50908 /* Font+Extensions.swift */ = {isa = PBXFileReference; lastKnownFileType = sourcecode.swift; path = "Font+Extensions.swift"; sourceTree = "<group>"; };
		3A1447AA2D15835700C50908 /* GlobalUtilities.swift */ = {isa = PBXFileReference; lastKnownFileType = sourcecode.swift; path = GlobalUtilities.swift; sourceTree = "<group>"; };
		3A1447AC2D1583AA00C50908 /* View+Extensions.swift */ = {isa = PBXFileReference; lastKnownFileType = sourcecode.swift; path = "View+Extensions.swift"; sourceTree = "<group>"; };
		3A1447AE2D1583CE00C50908 /* Text+Extensions.swift */ = {isa = PBXFileReference; lastKnownFileType = sourcecode.swift; path = "Text+Extensions.swift"; sourceTree = "<group>"; };
		3A1447B02D1583EB00C50908 /* Dictionary+Extensions.swift */ = {isa = PBXFileReference; lastKnownFileType = sourcecode.swift; path = "Dictionary+Extensions.swift"; sourceTree = "<group>"; };
		3A1447B22D158D0600C50908 /* README.md */ = {isa = PBXFileReference; lastKnownFileType = net.daringfireball.markdown; path = README.md; sourceTree = "<group>"; };
/* End PBXFileReference section */

/* Begin PBXFrameworksBuildPhase section */
		3A1447652D157C7C00C50908 /* Frameworks */ = {
			isa = PBXFrameworksBuildPhase;
			buildActionMask = 2147483647;
			files = (
			);
			runOnlyForDeploymentPostprocessing = 0;
		};
/* End PBXFrameworksBuildPhase section */

/* Begin PBXGroup section */
		3A14475F2D157C7C00C50908 = {
			isa = PBXGroup;
			children = (
				3A1447B22D158D0600C50908 /* README.md */,
				3A14476A2D157C7C00C50908 /* WeatherApp */,
				3A1447692D157C7C00C50908 /* Products */,
			);
			sourceTree = "<group>";
		};
		3A1447692D157C7C00C50908 /* Products */ = {
			isa = PBXGroup;
			children = (
				3A1447682D157C7C00C50908 /* WeatherApp.app */,
			);
			name = Products;
			sourceTree = "<group>";
		};
		3A14476A2D157C7C00C50908 /* WeatherApp */ = {
			isa = PBXGroup;
			children = (
				3A1447A62D1582ED00C50908 /* Info.plist */,
				3A14476B2D157C7C00C50908 /* WeatherAppApp.swift */,
				3A1447792D157ED200C50908 /* Home */,
				3A14477C2D157F0500C50908 /* APIServices */,
				3A14477F2D157F4C00C50908 /* Fonts */,
				3A1447802D157F5500C50908 /* Helper */,
				3A1447712D157C7E00C50908 /* Preview Content */,
			);
			path = WeatherApp;
			sourceTree = "<group>";
		};
		3A1447712D157C7E00C50908 /* Preview Content */ = {
			isa = PBXGroup;
			children = (
				3A1447722D157C7E00C50908 /* Preview Assets.xcassets */,
			);
			path = "Preview Content";
			sourceTree = "<group>";
		};
		3A1447792D157ED200C50908 /* Home */ = {
			isa = PBXGroup;
			children = (
				3A14477B2D157EDF00C50908 /* Model */,
				3A14477A2D157EDA00C50908 /* View */,
				3A1447982D15812D00C50908 /* ViewModel */,
				3A1447992D15813800C50908 /* Services */,
			);
			path = Home;
			sourceTree = "<group>";
		};
		3A14477A2D157EDA00C50908 /* View */ = {
			isa = PBXGroup;
			children = (
				3A1447842D157FA000C50908 /* HomeView.swift */,
				3A1447862D157FDA00C50908 /* WeatherComponentView.swift */,
				3A1447882D157FF200C50908 /* weatherIconView.swift */,
			);
			path = View;
			sourceTree = "<group>";
		};
		3A14477B2D157EDF00C50908 /* Model */ = {
			isa = PBXGroup;
			children = (
				3A14478E2D1580AE00C50908 /* CurrentWeather.swift */,
				3A1447902D1580C500C50908 /* Location.swift */,
				3A1447922D1580E600C50908 /* Current.swift */,
				3A1447942D15810000C50908 /* Condition.swift */,
				3A1447962D15811C00C50908 /* ErrorMsg.swift */,
			);
			path = Model;
			sourceTree = "<group>";
		};
		3A14477C2D157F0500C50908 /* APIServices */ = {
			isa = PBXGroup;
			children = (
				3A14477D2D157F2700C50908 /* CoreServices */,
				3A14477E2D157F3000C50908 /* NetworkManager */,
			);
			path = APIServices;
			sourceTree = "<group>";
		};
		3A14477D2D157F2700C50908 /* CoreServices */ = {
			isa = PBXGroup;
			children = (
				3A14479A2D15819800C50908 /* APIRequest.swift */,
				3A14479C2D1581CB00C50908 /* NetworkRouter.swift */,
			);
			path = CoreServices;
			sourceTree = "<group>";
		};
		3A14477E2D157F3000C50908 /* NetworkManager */ = {
			isa = PBXGroup;
			children = (
				3A14479E2D15821100C50908 /* NetworkManager.swift */,
			);
			path = NetworkManager;
			sourceTree = "<group>";
		};
		3A14477F2D157F4C00C50908 /* Fonts */ = {
			isa = PBXGroup;
			children = (
				3A1447A22D1582C400C50908 /* Poppins-Regular.ttf */,
				3A1447A12D1582C400C50908 /* Poppins-Medium.ttf */,
				3A1447A02D1582C400C50908 /* Poppins-SemiBold.ttf */,
				3A1447A72D15833400C50908 /* Font+Extensions.swift */,
			);
			path = Fonts;
			sourceTree = "<group>";
		};
		3A1447802D157F5500C50908 /* Helper */ = {
			isa = PBXGroup;
			children = (
				3A1447822D157F7900C50908 /* Colors.xcassets */,
				3A14476F2D157C7E00C50908 /* Assets.xcassets */,
				3A1447A92D15834800C50908 /* Extensions */,
				3A1447AA2D15835700C50908 /* GlobalUtilities.swift */,
			);
			path = Helper;
			sourceTree = "<group>";
		};
		3A1447982D15812D00C50908 /* ViewModel */ = {
			isa = PBXGroup;
			children = (
				3A14478A2D15802000C50908 /* HomeViewModel.swift */,
			);
			path = ViewModel;
			sourceTree = "<group>";
		};
		3A1447992D15813800C50908 /* Services */ = {
			isa = PBXGroup;
			children = (
				3A14478C2D15806D00C50908 /* HomeServices.swift */,
			);
			path = Services;
			sourceTree = "<group>";
		};
		3A1447A92D15834800C50908 /* Extensions */ = {
			isa = PBXGroup;
			children = (
				3A1447AC2D1583AA00C50908 /* View+Extensions.swift */,
				3A1447AE2D1583CE00C50908 /* Text+Extensions.swift */,
				3A1447B02D1583EB00C50908 /* Dictionary+Extensions.swift */,
			);
			path = Extensions;
			sourceTree = "<group>";
		};
/* End PBXGroup section */

/* Begin PBXNativeTarget section */
		3A1447672D157C7C00C50908 /* WeatherApp */ = {
			isa = PBXNativeTarget;
			buildConfigurationList = 3A1447762D157C7E00C50908 /* Build configuration list for PBXNativeTarget "WeatherApp" */;
			buildPhases = (
				3A1447642D157C7C00C50908 /* Sources */,
				3A1447652D157C7C00C50908 /* Frameworks */,
				3A1447662D157C7C00C50908 /* Resources */,
			);
			buildRules = (
			);
			dependencies = (
			);
			name = WeatherApp;
			productName = WeatherApp;
			productReference = 3A1447682D157C7C00C50908 /* WeatherApp.app */;
			productType = "com.apple.product-type.application";
		};
/* End PBXNativeTarget section */

/* Begin PBXProject section */
		3A1447602D157C7C00C50908 /* Project object */ = {
			isa = PBXProject;
			attributes = {
				BuildIndependentTargetsInParallel = 1;
				LastSwiftUpdateCheck = 1540;
				LastUpgradeCheck = 1540;
				TargetAttributes = {
					3A1447672D157C7C00C50908 = {
						CreatedOnToolsVersion = 15.4;
					};
				};
			};
			buildConfigurationList = 3A1447632D157C7C00C50908 /* Build configuration list for PBXProject "WeatherApp" */;
			compatibilityVersion = "Xcode 14.0";
			developmentRegion = en;
			hasScannedForEncodings = 0;
			knownRegions = (
				en,
				Base,
			);
			mainGroup = 3A14475F2D157C7C00C50908;
			productRefGroup = 3A1447692D157C7C00C50908 /* Products */;
			projectDirPath = "";
			projectRoot = "";
			targets = (
				3A1447672D157C7C00C50908 /* WeatherApp */,
			);
		};
/* End PBXProject section */

/* Begin PBXResourcesBuildPhase section */
		3A1447662D157C7C00C50908 /* Resources */ = {
			isa = PBXResourcesBuildPhase;
			buildActionMask = 2147483647;
			files = (
				3A1447732D157C7E00C50908 /* Preview Assets.xcassets in Resources */,
				3A1447A32D1582C400C50908 /* Poppins-SemiBold.ttf in Resources */,
				3A1447702D157C7E00C50908 /* Assets.xcassets in Resources */,
				3A1447B32D158D0600C50908 /* README.md in Resources */,
				3A1447A52D1582C400C50908 /* Poppins-Regular.ttf in Resources */,
				3A1447832D157F7900C50908 /* Colors.xcassets in Resources */,
				3A1447A42D1582C400C50908 /* Poppins-Medium.ttf in Resources */,
			);
			runOnlyForDeploymentPostprocessing = 0;
		};
/* End PBXResourcesBuildPhase section */

/* Begin PBXSourcesBuildPhase section */
		3A1447642D157C7C00C50908 /* Sources */ = {
			isa = PBXSourcesBuildPhase;
			buildActionMask = 2147483647;
			files = (
				3A1447952D15810000C50908 /* Condition.swift in Sources */,
				3A1447852D157FA000C50908 /* HomeView.swift in Sources */,
				3A1447A82D15833400C50908 /* Font+Extensions.swift in Sources */,
				3A14479B2D15819800C50908 /* APIRequest.swift in Sources */,
				3A1447932D1580E600C50908 /* Current.swift in Sources */,
				3A14478B2D15802000C50908 /* HomeViewModel.swift in Sources */,
				3A14478F2D1580AE00C50908 /* CurrentWeather.swift in Sources */,
				3A1447B12D1583EB00C50908 /* Dictionary+Extensions.swift in Sources */,
				3A1447892D157FF200C50908 /* weatherIconView.swift in Sources */,
				3A1447972D15811C00C50908 /* ErrorMsg.swift in Sources */,
				3A1447912D1580C500C50908 /* Location.swift in Sources */,
				3A1447AD2D1583AA00C50908 /* View+Extensions.swift in Sources */,
				3A14478D2D15806D00C50908 /* HomeServices.swift in Sources */,
				3A14476C2D157C7C00C50908 /* WeatherAppApp.swift in Sources */,
				3A14479F2D15821100C50908 /* NetworkManager.swift in Sources */,
				3A1447872D157FDA00C50908 /* WeatherComponentView.swift in Sources */,
				3A14479D2D1581CB00C50908 /* NetworkRouter.swift in Sources */,
				3A1447AF2D1583CE00C50908 /* Text+Extensions.swift in Sources */,
				3A1447AB2D15835700C50908 /* GlobalUtilities.swift in Sources */,
			);
			runOnlyForDeploymentPostprocessing = 0;
		};
/* End PBXSourcesBuildPhase section */

/* Begin XCBuildConfiguration section */
		3A1447742D157C7E00C50908 /* Debug */ = {
			isa = XCBuildConfiguration;
			buildSettings = {
				ALWAYS_SEARCH_USER_PATHS = NO;
				ASSETCATALOG_COMPILER_GENERATE_SWIFT_ASSET_SYMBOL_EXTENSIONS = YES;
				CLANG_ANALYZER_NONNULL = YES;
				CLANG_ANALYZER_NUMBER_OBJECT_CONVERSION = YES_AGGRESSIVE;
				CLANG_CXX_LANGUAGE_STANDARD = "gnu++20";
				CLANG_ENABLE_MODULES = YES;
				CLANG_ENABLE_OBJC_ARC = YES;
				CLANG_ENABLE_OBJC_WEAK = YES;
				CLANG_WARN_BLOCK_CAPTURE_AUTORELEASING = YES;
				CLANG_WARN_BOOL_CONVERSION = YES;
				CLANG_WARN_COMMA = YES;
				CLANG_WARN_CONSTANT_CONVERSION = YES;
				CLANG_WARN_DEPRECATED_OBJC_IMPLEMENTATIONS = YES;
				CLANG_WARN_DIRECT_OBJC_ISA_USAGE = YES_ERROR;
				CLANG_WARN_DOCUMENTATION_COMMENTS = YES;
				CLANG_WARN_EMPTY_BODY = YES;
				CLANG_WARN_ENUM_CONVERSION = YES;
				CLANG_WARN_INFINITE_RECURSION = YES;
				CLANG_WARN_INT_CONVERSION = YES;
				CLANG_WARN_NON_LITERAL_NULL_CONVERSION = YES;
				CLANG_WARN_OBJC_IMPLICIT_RETAIN_SELF = YES;
				CLANG_WARN_OBJC_LITERAL_CONVERSION = YES;
				CLANG_WARN_OBJC_ROOT_CLASS = YES_ERROR;
				CLANG_WARN_QUOTED_INCLUDE_IN_FRAMEWORK_HEADER = YES;
				CLANG_WARN_RANGE_LOOP_ANALYSIS = YES;
				CLANG_WARN_STRICT_PROTOTYPES = YES;
				CLANG_WARN_SUSPICIOUS_MOVE = YES;
				CLANG_WARN_UNGUARDED_AVAILABILITY = YES_AGGRESSIVE;
				CLANG_WARN_UNREACHABLE_CODE = YES;
				CLANG_WARN__DUPLICATE_METHOD_MATCH = YES;
				COPY_PHASE_STRIP = NO;
				DEBUG_INFORMATION_FORMAT = dwarf;
				ENABLE_STRICT_OBJC_MSGSEND = YES;
				ENABLE_TESTABILITY = YES;
				ENABLE_USER_SCRIPT_SANDBOXING = YES;
				GCC_C_LANGUAGE_STANDARD = gnu17;
				GCC_DYNAMIC_NO_PIC = NO;
				GCC_NO_COMMON_BLOCKS = YES;
				GCC_OPTIMIZATION_LEVEL = 0;
				GCC_PREPROCESSOR_DEFINITIONS = (
					"DEBUG=1",
					"$(inherited)",
				);
				GCC_WARN_64_TO_32_BIT_CONVERSION = YES;
				GCC_WARN_ABOUT_RETURN_TYPE = YES_ERROR;
				GCC_WARN_UNDECLARED_SELECTOR = YES;
				GCC_WARN_UNINITIALIZED_AUTOS = YES_AGGRESSIVE;
				GCC_WARN_UNUSED_FUNCTION = YES;
				GCC_WARN_UNUSED_VARIABLE = YES;
				IPHONEOS_DEPLOYMENT_TARGET = 17.5;
				LOCALIZATION_PREFERS_STRING_CATALOGS = YES;
				MTL_ENABLE_DEBUG_INFO = INCLUDE_SOURCE;
				MTL_FAST_MATH = YES;
				ONLY_ACTIVE_ARCH = YES;
				SDKROOT = iphoneos;
				SWIFT_ACTIVE_COMPILATION_CONDITIONS = "DEBUG $(inherited)";
				SWIFT_OPTIMIZATION_LEVEL = "-Onone";
			};
			name = Debug;
		};
		3A1447752D157C7E00C50908 /* Release */ = {
			isa = XCBuildConfiguration;
			buildSettings = {
				ALWAYS_SEARCH_USER_PATHS = NO;
				ASSETCATALOG_COMPILER_GENERATE_SWIFT_ASSET_SYMBOL_EXTENSIONS = YES;
				CLANG_ANALYZER_NONNULL = YES;
				CLANG_ANALYZER_NUMBER_OBJECT_CONVERSION = YES_AGGRESSIVE;
				CLANG_CXX_LANGUAGE_STANDARD = "gnu++20";
				CLANG_ENABLE_MODULES = YES;
				CLANG_ENABLE_OBJC_ARC = YES;
				CLANG_ENABLE_OBJC_WEAK = YES;
				CLANG_WARN_BLOCK_CAPTURE_AUTORELEASING = YES;
				CLANG_WARN_BOOL_CONVERSION = YES;
				CLANG_WARN_COMMA = YES;
				CLANG_WARN_CONSTANT_CONVERSION = YES;
				CLANG_WARN_DEPRECATED_OBJC_IMPLEMENTATIONS = YES;
				CLANG_WARN_DIRECT_OBJC_ISA_USAGE = YES_ERROR;
				CLANG_WARN_DOCUMENTATION_COMMENTS = YES;
				CLANG_WARN_EMPTY_BODY = YES;
				CLANG_WARN_ENUM_CONVERSION = YES;
				CLANG_WARN_INFINITE_RECURSION = YES;
				CLANG_WARN_INT_CONVERSION = YES;
				CLANG_WARN_NON_LITERAL_NULL_CONVERSION = YES;
				CLANG_WARN_OBJC_IMPLICIT_RETAIN_SELF = YES;
				CLANG_WARN_OBJC_LITERAL_CONVERSION = YES;
				CLANG_WARN_OBJC_ROOT_CLASS = YES_ERROR;
				CLANG_WARN_QUOTED_INCLUDE_IN_FRAMEWORK_HEADER = YES;
				CLANG_WARN_RANGE_LOOP_ANALYSIS = YES;
				CLANG_WARN_STRICT_PROTOTYPES = YES;
				CLANG_WARN_SUSPICIOUS_MOVE = YES;
				CLANG_WARN_UNGUARDED_AVAILABILITY = YES_AGGRESSIVE;
				CLANG_WARN_UNREACHABLE_CODE = YES;
				CLANG_WARN__DUPLICATE_METHOD_MATCH = YES;
				COPY_PHASE_STRIP = NO;
				DEBUG_INFORMATION_FORMAT = "dwarf-with-dsym";
				ENABLE_NS_ASSERTIONS = NO;
				ENABLE_STRICT_OBJC_MSGSEND = YES;
				ENABLE_USER_SCRIPT_SANDBOXING = YES;
				GCC_C_LANGUAGE_STANDARD = gnu17;
				GCC_NO_COMMON_BLOCKS = YES;
				GCC_WARN_64_TO_32_BIT_CONVERSION = YES;
				GCC_WARN_ABOUT_RETURN_TYPE = YES_ERROR;
				GCC_WARN_UNDECLARED_SELECTOR = YES;
				GCC_WARN_UNINITIALIZED_AUTOS = YES_AGGRESSIVE;
				GCC_WARN_UNUSED_FUNCTION = YES;
				GCC_WARN_UNUSED_VARIABLE = YES;
				IPHONEOS_DEPLOYMENT_TARGET = 17.5;
				LOCALIZATION_PREFERS_STRING_CATALOGS = YES;
				MTL_ENABLE_DEBUG_INFO = NO;
				MTL_FAST_MATH = YES;
				SDKROOT = iphoneos;
				SWIFT_COMPILATION_MODE = wholemodule;
				VALIDATE_PRODUCT = YES;
			};
			name = Release;
		};
		3A1447772D157C7E00C50908 /* Debug */ = {
			isa = XCBuildConfiguration;
			buildSettings = {
				ASSETCATALOG_COMPILER_APPICON_NAME = AppIcon;
				ASSETCATALOG_COMPILER_GLOBAL_ACCENT_COLOR_NAME = AccentColor;
				CODE_SIGN_STYLE = Automatic;
				CURRENT_PROJECT_VERSION = 1;
				DEVELOPMENT_ASSET_PATHS = "\"WeatherApp/Preview Content\"";
				DEVELOPMENT_TEAM = NXL8D8F28W;
				ENABLE_PREVIEWS = YES;
				ENABLE_USER_SCRIPT_SANDBOXING = NO;
				GENERATE_INFOPLIST_FILE = YES;
				INFOPLIST_FILE = WeatherApp/Info.plist;
				INFOPLIST_KEY_UIApplicationSceneManifest_Generation = YES;
				INFOPLIST_KEY_UIApplicationSupportsIndirectInputEvents = YES;
				INFOPLIST_KEY_UILaunchScreen_Generation = YES;
				INFOPLIST_KEY_UISupportedInterfaceOrientations_iPad = "UIInterfaceOrientationPortrait UIInterfaceOrientationPortraitUpsideDown UIInterfaceOrientationLandscapeLeft UIInterfaceOrientationLandscapeRight";
				INFOPLIST_KEY_UISupportedInterfaceOrientations_iPhone = "UIInterfaceOrientationPortrait UIInterfaceOrientationLandscapeLeft UIInterfaceOrientationLandscapeRight";
				IPHONEOS_DEPLOYMENT_TARGET = 17.0;
				LD_RUNPATH_SEARCH_PATHS = (
					"$(inherited)",
					"@executable_path/Frameworks",
				);
				MARKETING_VERSION = 1.0;
				PRODUCT_BUNDLE_IDENTIFIER = com.sample.WeatherApp;
				PRODUCT_NAME = "$(TARGET_NAME)";
				SWIFT_EMIT_LOC_STRINGS = YES;
				SWIFT_VERSION = 5.0;
				TARGETED_DEVICE_FAMILY = "1,2";
			};
			name = Debug;
		};
		3A1447782D157C7E00C50908 /* Release */ = {
			isa = XCBuildConfiguration;
			buildSettings = {
				ASSETCATALOG_COMPILER_APPICON_NAME = AppIcon;
				ASSETCATALOG_COMPILER_GLOBAL_ACCENT_COLOR_NAME = AccentColor;
				CODE_SIGN_STYLE = Automatic;
				CURRENT_PROJECT_VERSION = 1;
				DEVELOPMENT_ASSET_PATHS = "\"WeatherApp/Preview Content\"";
				DEVELOPMENT_TEAM = NXL8D8F28W;
				ENABLE_PREVIEWS = YES;
				ENABLE_USER_SCRIPT_SANDBOXING = NO;
				GENERATE_INFOPLIST_FILE = YES;
				INFOPLIST_FILE = WeatherApp/Info.plist;
				INFOPLIST_KEY_UIApplicationSceneManifest_Generation = YES;
				INFOPLIST_KEY_UIApplicationSupportsIndirectInputEvents = YES;
				INFOPLIST_KEY_UILaunchScreen_Generation = YES;
				INFOPLIST_KEY_UISupportedInterfaceOrientations_iPad = "UIInterfaceOrientationPortrait UIInterfaceOrientationPortraitUpsideDown UIInterfaceOrientationLandscapeLeft UIInterfaceOrientationLandscapeRight";
				INFOPLIST_KEY_UISupportedInterfaceOrientations_iPhone = "UIInterfaceOrientationPortrait UIInterfaceOrientationLandscapeLeft UIInterfaceOrientationLandscapeRight";
				IPHONEOS_DEPLOYMENT_TARGET = 17.0;
				LD_RUNPATH_SEARCH_PATHS = (
					"$(inherited)",
					"@executable_path/Frameworks",
				);
				MARKETING_VERSION = 1.0;
				PRODUCT_BUNDLE_IDENTIFIER = com.sample.WeatherApp;
				PRODUCT_NAME = "$(TARGET_NAME)";
				SWIFT_EMIT_LOC_STRINGS = YES;
				SWIFT_VERSION = 5.0;
				TARGETED_DEVICE_FAMILY = "1,2";
			};
			name = Release;
		};
/* End XCBuildConfiguration section */

/* Begin XCConfigurationList section */
		3A1447632D157C7C00C50908 /* Build configuration list for PBXProject "WeatherApp" */ = {
			isa = XCConfigurationList;
			buildConfigurations = (
				3A1447742D157C7E00C50908 /* Debug */,
				3A1447752D157C7E00C50908 /* Release */,
			);
			defaultConfigurationIsVisible = 0;
			defaultConfigurationName = Release;
		};
		3A1447762D157C7E00C50908 /* Build configuration list for PBXNativeTarget "WeatherApp" */ = {
			isa = XCConfigurationList;
			buildConfigurations = (
				3A1447772D157C7E00C50908 /* Debug */,
				3A1447782D157C7E00C50908 /* Release */,
			);
			defaultConfigurationIsVisible = 0;
			defaultConfigurationName = Release;
		};
/* End XCConfigurationList section */
	};
	rootObject = 3A1447602D157C7C00C50908 /* Project object */;
}
